{
  "name": "patternfly-yew",
  "version": "0.0.1",
  "lockfileVersion": 2,
  "requires": true,
  "packages": {
    "": {
      "name": "patternfly-yew",
      "version": "0.0.1",
      "dependencies": {
        "@patternfly/patternfly": "^4.102.2"
      }
    },
    "node_modules/@patternfly/patternfly": {
      "version": "4.151.4",
      "resolved": "https://registry.npmjs.org/@patternfly/patternfly/-/patternfly-4.151.4.tgz",
      "integrity": "sha512-TsXePErYetJ8eGkttczkiRBpQH8wAa5bS9aJ8ScFxRvpOw4LfivZ3AKBaQxgONWS6muUN1SxbaGF8qWuRMGo5Q=="
    }
  },
  "dependencies": {
    "@patternfly/patternfly": {
      "version": "4.151.4",
      "resolved": "https://registry.npmjs.org/@patternfly/patternfly/-/patternfly-4.151.4.tgz",
      "integrity": "sha512-TsXePErYetJ8eGkttczkiRBpQH8wAa5bS9aJ8ScFxRvpOw4LfivZ3AKBaQxgONWS6muUN1SxbaGF8qWuRMGo5Q=="
    }
  }
}
